PODS:
  - iOSSnapshotTestCase (8.0.0):
    - iOSSnapshotTestCase/SwiftSupport (= 8.0.0)
  - iOSSnapshotTestCase/Core (8.0.0)
  - iOSSnapshotTestCase/SwiftSupport (8.0.0):
    - iOSSnapshotTestCase/Core
  - Networking (0.1.0)
  - Nimble (10.0.0)
  - ProductsSearch (0.1.0):
    - Networking
  - ProductsSearch/Tests (0.1.0):
    - iOSSnapshotTestCase
    - Networking
    - Nimble
    - Quick
  - Quick (5.0.1)

DEPENDENCIES:
  - Networking (from `DevPods/Networking`)
  - ProductsSearch (from `DevPods/ProductsSearch`)
  - ProductsSearch/Tests (from `DevPods/ProductsSearch`)

SPEC REPOS:
  trunk:
    - iOSSnapshotTestCase
    - Nimble
    - Quick

EXTERNAL SOURCES:
  Networking:
    :path: DevPods/Networking
  ProductsSearch:
    :path: DevPods/ProductsSearch

SPEC CHECKSUMS:
  iOSSnapshotTestCase: a670511f9ee3829c2b9c23e6e68f315fd7b6790f
  Networking: 1e6f985d6292f0bd12b2d216ac5445b3d9e7aacd
  Nimble: 5316ef81a170ce87baf72dd961f22f89a602ff84
  ProductsSearch: 8ca26f0e23c4ebc0e9eac12a9df25b44d651ef45
  Quick: 749aa754fd1e7d984f2000fe051e18a3a9809179

PODFILE CHECKSUM: 182ef37924cd670ebb78362e08e886d0dc50908c

COCOAPODS: 1.11.2
