// !$*UTF8*$!
{
	archiveVersion = 1;
	classes = {
	};
	objectVersion = 55;
	objects = {

/* Begin PBXBuildFile section */
		094661522861983F0037ED38 /* AppDelegate.swift in Sources */ = {isa = PBXBuildFile; fileRef = 094661512861983F0037ED38 /* AppDelegate.swift */; };
		094661542861983F0037ED38 /* SceneDelegate.swift in Sources */ = {isa = PBXBuildFile; fileRef = 094661532861983F0037ED38 /* SceneDelegate.swift */; };
		09466156286198400037ED38 /* ViewController.swift in Sources */ = {isa = PBXBuildFile; fileRef = 09466155286198400037ED38 /* ViewController.swift */; };
		09466159286198400037ED38 /* Main.storyboard in Resources */ = {isa = PBXBuildFile; fileRef = 09466157286198400037ED38 /* Main.storyboard */; };
		0946615B286198400037ED38 /* Assets.xcassets in Resources */ = {isa = PBXBuildFile; fileRef = 0946615A286198400037ED38 /* Assets.xcassets */; };
		0946615E286198400037ED38 /* LaunchScreen.storyboard in Resources */ = {isa = PBXBuildFile; fileRef = 0946615C286198400037ED38 /* LaunchScreen.storyboard */; };
		09466169286198410037ED38 /* mercadoLibreTests.swift in Sources */ = {isa = PBXBuildFile; fileRef = 09466168286198410037ED38 /* mercadoLibreTests.swift */; };
		09466173286198410037ED38 /* mercadoLibreUITests.swift in Sources */ = {isa = PBXBuildFile; fileRef = 09466172286198410037ED38 /* mercadoLibreUITests.swift */; };
		09466175286198410037ED38 /* mercadoLibreUITestsLaunchTests.swift in Sources */ = {isa = PBXBuildFile; fileRef = 09466174286198410037ED38 /* mercadoLibreUITestsLaunchTests.swift */; };
		094F56232861F030008E9286 /* AppContainer.swift in Sources */ = {isa = PBXBuildFile; fileRef = 094F56222861F030008E9286 /* AppContainer.swift */; };
		094F56252861F400008E9286 /* ServiceConfiguration.swift in Sources */ = {isa = PBXBuildFile; fileRef = 094F56242861F400008E9286 /* ServiceConfiguration.swift */; };
		094F56272861F612008E9286 /* AppFlowCoordinator.swift in Sources */ = {isa = PBXBuildFile; fileRef = 094F56262861F612008E9286 /* AppFlowCoordinator.swift */; };
		3A68F4B2F036E06890958197 /* Pods_mercadoLibre.framework in Frameworks */ = {isa = PBXBuildFile; fileRef = 96952893D7588462AAD2C1D3 /* Pods_mercadoLibre.framework */; };
		7055F5C7627A44E21514CE79 /* Pods_mercadoLibre_mercadoLibreUITests.framework in Frameworks */ = {isa = PBXBuildFile; fileRef = 7E5FD3C0EC9A5515B76B8981 /* Pods_mercadoLibre_mercadoLibreUITests.framework */; };
		88BF9A319FDEA1121B5A5D24 /* Pods_mercadoLibreTests.framework in Frameworks */ = {isa = PBXBuildFile; fileRef = 9CF7DCEA4116CBD389BF0705 /* Pods_mercadoLibreTests.framework */; };
/* End PBXBuildFile section */

/* Begin PBXContainerItemProxy section */
		09466165286198410037ED38 /* PBXContainerItemProxy */ = {
			isa = PBXContainerItemProxy;
			containerPortal = 094661462861983F0037ED38 /* Project object */;
			proxyType = 1;
			remoteGlobalIDString = 0946614D2861983F0037ED38;
			remoteInfo = mercadoLibre;
		};
		0946616F286198410037ED38 /* PBXContainerItemProxy */ = {
			isa = PBXContainerItemProxy;
			containerPortal = 094661462861983F0037ED38 /* Project object */;
			proxyType = 1;
			remoteGlobalIDString = 0946614D2861983F0037ED38;
			remoteInfo = mercadoLibre;
		};
/* End PBXContainerItemProxy section */

/* Begin PBXFileReference section */
		022C6867BC6EC246FB64402D /* Pods-mercadoLibreTests.debug.xcconfig */ = {isa = PBXFileReference; includeInIndex = 1; lastKnownFileType = text.xcconfig; name = "Pods-mercadoLibreTests.debug.xcconfig"; path = "Target Support Files/Pods-mercadoLibreTests/Pods-mercadoLibreTests.debug.xcconfig"; sourceTree = "<group>"; };
		0946614E2861983F0037ED38 /* mercadoLibre.app */ = {isa = PBXFileReference; explicitFileType = wrapper.application; includeInIndex = 0; path = mercadoLibre.app; sourceTree = BUILT_PRODUCTS_DIR; };
		094661512861983F0037ED38 /* AppDelegate.swift */ = {isa = PBXFileReference; lastKnownFileType = sourcecode.swift; path = AppDelegate.swift; sourceTree = "<group>"; };
		094661532861983F0037ED38 /* SceneDelegate.swift */ = {isa = PBXFileReference; lastKnownFileType = sourcecode.swift; path = SceneDelegate.swift; sourceTree = "<group>"; };
		09466155286198400037ED38 /* ViewController.swift */ = {isa = PBXFileReference; lastKnownFileType = sourcecode.swift; path = ViewController.swift; sourceTree = "<group>"; };
		09466158286198400037ED38 /* Base */ = {isa = PBXFileReference; lastKnownFileType = file.storyboard; name = Base; path = Base.lproj/Main.storyboard; sourceTree = "<group>"; };
		0946615A286198400037ED38 /* Assets.xcassets */ = {isa = PBXFileReference; lastKnownFileType = folder.assetcatalog; path = Assets.xcassets; sourceTree = "<group>"; };
		0946615D286198400037ED38 /* Base */ = {isa = PBXFileReference; lastKnownFileType = file.storyboard; name = Base; path = Base.lproj/LaunchScreen.storyboard; sourceTree = "<group>"; };
		0946615F286198400037ED38 /* Info.plist */ = {isa = PBXFileReference; lastKnownFileType = text.plist.xml; path = Info.plist; sourceTree = "<group>"; };
		09466164286198410037ED38 /* mercadoLibreTests.xctest */ = {isa = PBXFileReference; explicitFileType = wrapper.cfbundle; includeInIndex = 0; path = mercadoLibreTests.xctest; sourceTree = BUILT_PRODUCTS_DIR; };
		09466168286198410037ED38 /* mercadoLibreTests.swift */ = {isa = PBXFileReference; lastKnownFileType = sourcecode.swift; path = mercadoLibreTests.swift; sourceTree = "<group>"; };
		0946616E286198410037ED38 /* mercadoLibreUITests.xctest */ = {isa = PBXFileReference; explicitFileType = wrapper.cfbundle; includeInIndex = 0; path = mercadoLibreUITests.xctest; sourceTree = BUILT_PRODUCTS_DIR; };
		09466172286198410037ED38 /* mercadoLibreUITests.swift */ = {isa = PBXFileReference; lastKnownFileType = sourcecode.swift; path = mercadoLibreUITests.swift; sourceTree = "<group>"; };
		09466174286198410037ED38 /* mercadoLibreUITestsLaunchTests.swift */ = {isa = PBXFileReference; lastKnownFileType = sourcecode.swift; path = mercadoLibreUITestsLaunchTests.swift; sourceTree = "<group>"; };
		094F56222861F030008E9286 /* AppContainer.swift */ = {isa = PBXFileReference; lastKnownFileType = sourcecode.swift; path = AppContainer.swift; sourceTree = "<group>"; };
		094F56242861F400008E9286 /* ServiceConfiguration.swift */ = {isa = PBXFileReference; lastKnownFileType = sourcecode.swift; path = ServiceConfiguration.swift; sourceTree = "<group>"; };
		094F56262861F612008E9286 /* AppFlowCoordinator.swift */ = {isa = PBXFileReference; lastKnownFileType = sourcecode.swift; path = AppFlowCoordinator.swift; sourceTree = "<group>"; };
		18E73DA6C0A687CC6F38683E /* Pods-mercadoLibre.debug.xcconfig */ = {isa = PBXFileReference; includeInIndex = 1; lastKnownFileType = text.xcconfig; name = "Pods-mercadoLibre.debug.xcconfig"; path = "Target Support Files/Pods-mercadoLibre/Pods-mercadoLibre.debug.xcconfig"; sourceTree = "<group>"; };
		1CBEF55CAC2B912DDB819FBB /* Pods-mercadoLibre-mercadoLibreUITests.debug.xcconfig */ = {isa = PBXFileReference; includeInIndex = 1; lastKnownFileType = text.xcconfig; name = "Pods-mercadoLibre-mercadoLibreUITests.debug.xcconfig"; path = "Target Support Files/Pods-mercadoLibre-mercadoLibreUITests/Pods-mercadoLibre-mercadoLibreUITests.debug.xcconfig"; sourceTree = "<group>"; };
		627B8DA0C632B6E65DFBF200 /* Pods-mercadoLibreTests.release.xcconfig */ = {isa = PBXFileReference; includeInIndex = 1; lastKnownFileType = text.xcconfig; name = "Pods-mercadoLibreTests.release.xcconfig"; path = "Target Support Files/Pods-mercadoLibreTests/Pods-mercadoLibreTests.release.xcconfig"; sourceTree = "<group>"; };
		7E5FD3C0EC9A5515B76B8981 /* Pods_mercadoLibre_mercadoLibreUITests.framework */ = {isa = PBXFileReference; explicitFileType = wrapper.framework; includeInIndex = 0; path = Pods_mercadoLibre_mercadoLibreUITests.framework; sourceTree = BUILT_PRODUCTS_DIR; };
		96952893D7588462AAD2C1D3 /* Pods_mercadoLibre.framework */ = {isa = PBXFileReference; explicitFileType = wrapper.framework; includeInIndex = 0; path = Pods_mercadoLibre.framework; sourceTree = BUILT_PRODUCTS_DIR; };
		9CF7DCEA4116CBD389BF0705 /* Pods_mercadoLibreTests.framework */ = {isa = PBXFileReference; explicitFileType = wrapper.framework; includeInIndex = 0; path = Pods_mercadoLibreTests.framework; sourceTree = BUILT_PRODUCTS_DIR; };
		D5D07F007F4454BE3443FEC4 /* Pods-mercadoLibre-mercadoLibreUITests.release.xcconfig */ = {isa = PBXFileReference; includeInIndex = 1; lastKnownFileType = text.xcconfig; name = "Pods-mercadoLibre-mercadoLibreUITests.release.xcconfig"; path = "Target Support Files/Pods-mercadoLibre-mercadoLibreUITests/Pods-mercadoLibre-mercadoLibreUITests.release.xcconfig"; sourceTree = "<group>"; };
		DDB93B880989FD0FFF95B856 /* Pods-mercadoLibre.release.xcconfig */ = {isa = PBXFileReference; includeInIndex = 1; lastKnownFileType = text.xcconfig; name = "Pods-mercadoLibre.release.xcconfig"; path = "Target Support Files/Pods-mercadoLibre/Pods-mercadoLibre.release.xcconfig"; sourceTree = "<group>"; };
/* End PBXFileReference section */

/* Begin PBXFrameworksBuildPhase section */
		0946614B2861983F0037ED38 /* Frameworks */ = {
			isa = PBXFrameworksBuildPhase;
			buildActionMask = 2147483647;
			files = (
				3A68F4B2F036E06890958197 /* Pods_mercadoLibre.framework in Frameworks */,
			);
			runOnlyForDeploymentPostprocessing = 0;
		};
		09466161286198410037ED38 /* Frameworks */ = {
			isa = PBXFrameworksBuildPhase;
			buildActionMask = 2147483647;
			files = (
				88BF9A319FDEA1121B5A5D24 /* Pods_mercadoLibreTests.framework in Frameworks */,
			);
			runOnlyForDeploymentPostprocessing = 0;
		};
		0946616B286198410037ED38 /* Frameworks */ = {
			isa = PBXFrameworksBuildPhase;
			buildActionMask = 2147483647;
			files = (
				7055F5C7627A44E21514CE79 /* Pods_mercadoLibre_mercadoLibreUITests.framework in Frameworks */,
			);
			runOnlyForDeploymentPostprocessing = 0;
		};
/* End PBXFrameworksBuildPhase section */

/* Begin PBXGroup section */
		094661452861983F0037ED38 = {
			isa = PBXGroup;
			children = (
				094661502861983F0037ED38 /* mercadoLibre */,
				09466167286198410037ED38 /* mercadoLibreTests */,
				09466171286198410037ED38 /* mercadoLibreUITests */,
				0946614F2861983F0037ED38 /* Products */,
				6B6CDDB682E1DB01152F2AB4 /* Pods */,
				BFEE5DDEF485AB45E43CF76E /* Frameworks */,
			);
			sourceTree = "<group>";
		};
		0946614F2861983F0037ED38 /* Products */ = {
			isa = PBXGroup;
			children = (
				0946614E2861983F0037ED38 /* mercadoLibre.app */,
				09466164286198410037ED38 /* mercadoLibreTests.xctest */,
				0946616E286198410037ED38 /* mercadoLibreUITests.xctest */,
			);
			name = Products;
			sourceTree = "<group>";
		};
		094661502861983F0037ED38 /* mercadoLibre */ = {
			isa = PBXGroup;
			children = (
				094F56202861F013008E9286 /* Application */,
				09466155286198400037ED38 /* ViewController.swift */,
				09466157286198400037ED38 /* Main.storyboard */,
				0946615A286198400037ED38 /* Assets.xcassets */,
				0946615C286198400037ED38 /* LaunchScreen.storyboard */,
				0946615F286198400037ED38 /* Info.plist */,
			);
			path = mercadoLibre;
			sourceTree = "<group>";
		};
		09466167286198410037ED38 /* mercadoLibreTests */ = {
			isa = PBXGroup;
			children = (
				09466168286198410037ED38 /* mercadoLibreTests.swift */,
			);
			path = mercadoLibreTests;
			sourceTree = "<group>";
		};
		09466171286198410037ED38 /* mercadoLibreUITests */ = {
			isa = PBXGroup;
			children = (
				09466172286198410037ED38 /* mercadoLibreUITests.swift */,
				09466174286198410037ED38 /* mercadoLibreUITestsLaunchTests.swift */,
			);
			path = mercadoLibreUITests;
			sourceTree = "<group>";
		};
		094F56202861F013008E9286 /* Application */ = {
			isa = PBXGroup;
			children = (
				094F56212861F01F008E9286 /* DIContainer */,
				094661512861983F0037ED38 /* AppDelegate.swift */,
				094661532861983F0037ED38 /* SceneDelegate.swift */,
				094F56242861F400008E9286 /* ServiceConfiguration.swift */,
				094F56262861F612008E9286 /* AppFlowCoordinator.swift */,
			);
			path = Application;
			sourceTree = "<group>";
		};
		094F56212861F01F008E9286 /* DIContainer */ = {
			isa = PBXGroup;
			children = (
				094F56222861F030008E9286 /* AppContainer.swift */,
			);
			path = DIContainer;
			sourceTree = "<group>";
		};
		6B6CDDB682E1DB01152F2AB4 /* Pods */ = {
			isa = PBXGroup;
			children = (
				18E73DA6C0A687CC6F38683E /* Pods-mercadoLibre.debug.xcconfig */,
				DDB93B880989FD0FFF95B856 /* Pods-mercadoLibre.release.xcconfig */,
				1CBEF55CAC2B912DDB819FBB /* Pods-mercadoLibre-mercadoLibreUITests.debug.xcconfig */,
				D5D07F007F4454BE3443FEC4 /* Pods-mercadoLibre-mercadoLibreUITests.release.xcconfig */,
				022C6867BC6EC246FB64402D /* Pods-mercadoLibreTests.debug.xcconfig */,
				627B8DA0C632B6E65DFBF200 /* Pods-mercadoLibreTests.release.xcconfig */,
			);
			path = Pods;
			sourceTree = "<group>";
		};
		BFEE5DDEF485AB45E43CF76E /* Frameworks */ = {
			isa = PBXGroup;
			children = (
				96952893D7588462AAD2C1D3 /* Pods_mercadoLibre.framework */,
				7E5FD3C0EC9A5515B76B8981 /* Pods_mercadoLibre_mercadoLibreUITests.framework */,
				9CF7DCEA4116CBD389BF0705 /* Pods_mercadoLibreTests.framework */,
			);
			name = Frameworks;
			sourceTree = "<group>";
		};
/* End PBXGroup section */

/* Begin PBXNativeTarget section */
		0946614D2861983F0037ED38 /* mercadoLibre */ = {
			isa = PBXNativeTarget;
			buildConfigurationList = 09466178286198410037ED38 /* Build configuration list for PBXNativeTarget "mercadoLibre" */;
			buildPhases = (
				B3D2DD4A8FF1FB12EBE6E3AC /* [CP] Check Pods Manifest.lock */,
				0946614A2861983F0037ED38 /* Sources */,
				0946614B2861983F0037ED38 /* Frameworks */,
				0946614C2861983F0037ED38 /* Resources */,
				7CDD8B913F556F872FC5E6F0 /* [CP] Embed Pods Frameworks */,
			);
			buildRules = (
			);
			dependencies = (
			);
			name = mercadoLibre;
			productName = mercadoLibre;
			productReference = 0946614E2861983F0037ED38 /* mercadoLibre.app */;
			productType = "com.apple.product-type.application";
		};
		09466163286198410037ED38 /* mercadoLibreTests */ = {
			isa = PBXNativeTarget;
			buildConfigurationList = 0946617B286198410037ED38 /* Build configuration list for PBXNativeTarget "mercadoLibreTests" */;
			buildPhases = (
				EFE84997705790F56A2994D6 /* [CP] Check Pods Manifest.lock */,
				09466160286198410037ED38 /* Sources */,
				09466161286198410037ED38 /* Frameworks */,
				09466162286198410037ED38 /* Resources */,
			);
			buildRules = (
			);
			dependencies = (
				09466166286198410037ED38 /* PBXTargetDependency */,
			);
			name = mercadoLibreTests;
			productName = mercadoLibreTests;
			productReference = 09466164286198410037ED38 /* mercadoLibreTests.xctest */;
			productType = "com.apple.product-type.bundle.unit-test";
		};
		0946616D286198410037ED38 /* mercadoLibreUITests */ = {
			isa = PBXNativeTarget;
			buildConfigurationList = 0946617E286198410037ED38 /* Build configuration list for PBXNativeTarget "mercadoLibreUITests" */;
			buildPhases = (
				7532437F55CB317E48716B54 /* [CP] Check Pods Manifest.lock */,
				0946616A286198410037ED38 /* Sources */,
				0946616B286198410037ED38 /* Frameworks */,
				0946616C286198410037ED38 /* Resources */,
				C7FFBB93758E56C10BC63A16 /* [CP] Embed Pods Frameworks */,
			);
			buildRules = (
			);
			dependencies = (
				09466170286198410037ED38 /* PBXTargetDependency */,
			);
			name = mercadoLibreUITests;
			productName = mercadoLibreUITests;
			productReference = 0946616E286198410037ED38 /* mercadoLibreUITests.xctest */;
			productType = "com.apple.product-type.bundle.ui-testing";
		};
/* End PBXNativeTarget section */

/* Begin PBXProject section */
		094661462861983F0037ED38 /* Project object */ = {
			isa = PBXProject;
			attributes = {
				BuildIndependentTargetsInParallel = 1;
				LastSwiftUpdateCheck = 1300;
				LastUpgradeCheck = 1300;
				TargetAttributes = {
					0946614D2861983F0037ED38 = {
						CreatedOnToolsVersion = 13.0;
					};
					09466163286198410037ED38 = {
						CreatedOnToolsVersion = 13.0;
						TestTargetID = 0946614D2861983F0037ED38;
					};
					0946616D286198410037ED38 = {
						CreatedOnToolsVersion = 13.0;
						TestTargetID = 0946614D2861983F0037ED38;
					};
				};
			};
			buildConfigurationList = 094661492861983F0037ED38 /* Build configuration list for PBXProject "mercadoLibre" */;
			compatibilityVersion = "Xcode 13.0";
			developmentRegion = en;
			hasScannedForEncodings = 0;
			knownRegions = (
				en,
				Base,
			);
			mainGroup = 094661452861983F0037ED38;
			productRefGroup = 0946614F2861983F0037ED38 /* Products */;
			projectDirPath = "";
			projectRoot = "";
			targets = (
				0946614D2861983F0037ED38 /* mercadoLibre */,
				09466163286198410037ED38 /* mercadoLibreTests */,
				0946616D286198410037ED38 /* mercadoLibreUITests */,
			);
		};
/* End PBXProject section */

/* Begin PBXResourcesBuildPhase section */
		0946614C2861983F0037ED38 /* Resources */ = {
			isa = PBXResourcesBuildPhase;
			buildActionMask = 2147483647;
			files = (
				0946615E286198400037ED38 /* LaunchScreen.storyboard in Resources */,
				0946615B286198400037ED38 /* Assets.xcassets in Resources */,
				09466159286198400037ED38 /* Main.storyboard in Resources */,
			);
			runOnlyForDeploymentPostprocessing = 0;
		};
		09466162286198410037ED38 /* Resources */ = {
			isa = PBXResourcesBuildPhase;
			buildActionMask = 2147483647;
			files = (
			);
			runOnlyForDeploymentPostprocessing = 0;
		};
		0946616C286198410037ED38 /* Resources */ = {
			isa = PBXResourcesBuildPhase;
			buildActionMask = 2147483647;
			files = (
			);
			runOnlyForDeploymentPostprocessing = 0;
		};
/* End PBXResourcesBuildPhase section */

/* Begin PBXShellScriptBuildPhase section */
		7532437F55CB317E48716B54 /* [CP] Check Pods Manifest.lock */ = {
			isa = PBXShellScriptBuildPhase;
			buildActionMask = 2147483647;
			files = (
			);
			inputFileListPaths = (
			);
			inputPaths = (
				"${PODS_PODFILE_DIR_PATH}/Podfile.lock",
				"${PODS_ROOT}/Manifest.lock",
			);
			name = "[CP] Check Pods Manifest.lock";
			outputFileListPaths = (
			);
			outputPaths = (
				"$(DERIVED_FILE_DIR)/Pods-mercadoLibre-mercadoLibreUITests-checkManifestLockResult.txt",
			);
			runOnlyForDeploymentPostprocessing = 0;
			shellPath = /bin/sh;
			shellScript = "diff \"${PODS_PODFILE_DIR_PATH}/Podfile.lock\" \"${PODS_ROOT}/Manifest.lock\" > /dev/null\nif [ $? != 0 ] ; then\n    # print error to STDERR\n    echo \"error: The sandbox is not in sync with the Podfile.lock. Run 'pod install' or update your CocoaPods installation.\" >&2\n    exit 1\nfi\n# This output is used by Xcode 'outputs' to avoid re-running this script phase.\necho \"SUCCESS\" > \"${SCRIPT_OUTPUT_FILE_0}\"\n";
			showEnvVarsInLog = 0;
		};
		7CDD8B913F556F872FC5E6F0 /* [CP] Embed Pods Frameworks */ = {
			isa = PBXShellScriptBuildPhase;
			buildActionMask = 2147483647;
			files = (
			);
			inputFileListPaths = (
				"${PODS_ROOT}/Target Support Files/Pods-mercadoLibre/Pods-mercadoLibre-frameworks-${CONFIGURATION}-input-files.xcfilelist",
			);
			name = "[CP] Embed Pods Frameworks";
			outputFileListPaths = (
				"${PODS_ROOT}/Target Support Files/Pods-mercadoLibre/Pods-mercadoLibre-frameworks-${CONFIGURATION}-output-files.xcfilelist",
			);
			runOnlyForDeploymentPostprocessing = 0;
			shellPath = /bin/sh;
			shellScript = "\"${PODS_ROOT}/Target Support Files/Pods-mercadoLibre/Pods-mercadoLibre-frameworks.sh\"\n";
			showEnvVarsInLog = 0;
		};
		B3D2DD4A8FF1FB12EBE6E3AC /* [CP] Check Pods Manifest.lock */ = {
			isa = PBXShellScriptBuildPhase;
			buildActionMask = 2147483647;
			files = (
			);
			inputFileListPaths = (
			);
			inputPaths = (
				"${PODS_PODFILE_DIR_PATH}/Podfile.lock",
				"${PODS_ROOT}/Manifest.lock",
			);
			name = "[CP] Check Pods Manifest.lock";
			outputFileListPaths = (
			);
			outputPaths = (
				"$(DERIVED_FILE_DIR)/Pods-mercadoLibre-checkManifestLockResult.txt",
			);
			runOnlyForDeploymentPostprocessing = 0;
			shellPath = /bin/sh;
			shellScript = "diff \"${PODS_PODFILE_DIR_PATH}/Podfile.lock\" \"${PODS_ROOT}/Manifest.lock\" > /dev/null\nif [ $? != 0 ] ; then\n    # print error to STDERR\n    echo \"error: The sandbox is not in sync with the Podfile.lock. Run 'pod install' or update your CocoaPods installation.\" >&2\n    exit 1\nfi\n# This output is used by Xcode 'outputs' to avoid re-running this script phase.\necho \"SUCCESS\" > \"${SCRIPT_OUTPUT_FILE_0}\"\n";
			showEnvVarsInLog = 0;
		};
		C7FFBB93758E56C10BC63A16 /* [CP] Embed Pods Frameworks */ = {
			isa = PBXShellScriptBuildPhase;
			buildActionMask = 2147483647;
			files = (
			);
			inputFileListPaths = (
				"${PODS_ROOT}/Target Support Files/Pods-mercadoLibre-mercadoLibreUITests/Pods-mercadoLibre-mercadoLibreUITests-frameworks-${CONFIGURATION}-input-files.xcfilelist",
			);
			name = "[CP] Embed Pods Frameworks";
			outputFileListPaths = (
				"${PODS_ROOT}/Target Support Files/Pods-mercadoLibre-mercadoLibreUITests/Pods-mercadoLibre-mercadoLibreUITests-frameworks-${CONFIGURATION}-output-files.xcfilelist",
			);
			runOnlyForDeploymentPostprocessing = 0;
			shellPath = /bin/sh;
			shellScript = "\"${PODS_ROOT}/Target Support Files/Pods-mercadoLibre-mercadoLibreUITests/Pods-mercadoLibre-mercadoLibreUITests-frameworks.sh\"\n";
			showEnvVarsInLog = 0;
		};
		EFE84997705790F56A2994D6 /* [CP] Check Pods Manifest.lock */ = {
			isa = PBXShellScriptBuildPhase;
			buildActionMask = 2147483647;
			files = (
			);
			inputFileListPaths = (
			);
			inputPaths = (
				"${PODS_PODFILE_DIR_PATH}/Podfile.lock",
				"${PODS_ROOT}/Manifest.lock",
			);
			name = "[CP] Check Pods Manifest.lock";
			outputFileListPaths = (
			);
			outputPaths = (
				"$(DERIVED_FILE_DIR)/Pods-mercadoLibreTests-checkManifestLockResult.txt",
			);
			runOnlyForDeploymentPostprocessing = 0;
			shellPath = /bin/sh;
			shellScript = "diff \"${PODS_PODFILE_DIR_PATH}/Podfile.lock\" \"${PODS_ROOT}/Manifest.lock\" > /dev/null\nif [ $? != 0 ] ; then\n    # print error to STDERR\n    echo \"error: The sandbox is not in sync with the Podfile.lock. Run 'pod install' or update your CocoaPods installation.\" >&2\n    exit 1\nfi\n# This output is used by Xcode 'outputs' to avoid re-running this script phase.\necho \"SUCCESS\" > \"${SCRIPT_OUTPUT_FILE_0}\"\n";
			showEnvVarsInLog = 0;
		};
/* End PBXShellScriptBuildPhase section */

/* Begin PBXSourcesBuildPhase section */
		0946614A2861983F0037ED38 /* Sources */ = {
			isa = PBXSourcesBuildPhase;
			buildActionMask = 2147483647;
			files = (
				09466156286198400037ED38 /* ViewController.swift in Sources */,
				094F56232861F030008E9286 /* AppContainer.swift in Sources */,
				094661522861983F0037ED38 /* AppDelegate.swift in Sources */,
				094661542861983F0037ED38 /* SceneDelegate.swift in Sources */,
				094F56272861F612008E9286 /* AppFlowCoordinator.swift in Sources */,
				094F56252861F400008E9286 /* ServiceConfiguration.swift in Sources */,
			);
			runOnlyForDeploymentPostprocessing = 0;
		};
		09466160286198410037ED38 /* Sources */ = {
			isa = PBXSourcesBuildPhase;
			buildActionMask = 2147483647;
			files = (
				09466169286198410037ED38 /* mercadoLibreTests.swift in Sources */,
			);
			runOnlyForDeploymentPostprocessing = 0;
		};
		0946616A286198410037ED38 /* Sources */ = {
			isa = PBXSourcesBuildPhase;
			buildActionMask = 2147483647;
			files = (
				09466173286198410037ED38 /* mercadoLibreUITests.swift in Sources */,
				09466175286198410037ED38 /* mercadoLibreUITestsLaunchTests.swift in Sources */,
			);
			runOnlyForDeploymentPostprocessing = 0;
		};
/* End PBXSourcesBuildPhase section */

/* Begin PBXTargetDependency section */
		09466166286198410037ED38 /* PBXTargetDependency */ = {
			isa = PBXTargetDependency;
			target = 0946614D2861983F0037ED38 /* mercadoLibre */;
			targetProxy = 09466165286198410037ED38 /* PBXContainerItemProxy */;
		};
		09466170286198410037ED38 /* PBXTargetDependency */ = {
			isa = PBXTargetDependency;
			target = 0946614D2861983F0037ED38 /* mercadoLibre */;
			targetProxy = 0946616F286198410037ED38 /* PBXContainerItemProxy */;
		};
/* End PBXTargetDependency section */

/* Begin PBXVariantGroup section */
		09466157286198400037ED38 /* Main.storyboard */ = {
			isa = PBXVariantGroup;
			children = (
				09466158286198400037ED38 /* Base */,
			);
			name = Main.storyboard;
			sourceTree = "<group>";
		};
		0946615C286198400037ED38 /* LaunchScreen.storyboard */ = {
			isa = PBXVariantGroup;
			children = (
				0946615D286198400037ED38 /* Base */,
			);
			name = LaunchScreen.storyboard;
			sourceTree = "<group>";
		};
/* End PBXVariantGroup section */

/* Begin XCBuildConfiguration section */
		09466176286198410037ED38 /* Debug */ = {
			isa = XCBuildConfiguration;
			buildSettings = {
				ALWAYS_SEARCH_USER_PATHS = NO;
				CLANG_ANALYZER_NONNULL = YES;
				CLANG_ANALYZER_NUMBER_OBJECT_CONVERSION = YES_AGGRESSIVE;
				CLANG_CXX_LANGUAGE_STANDARD = "gnu++17";
				CLANG_CXX_LIBRARY = "libc++";
				CLANG_ENABLE_MODULES = YES;
				CLANG_ENABLE_OBJC_ARC = YES;
				CLANG_ENABLE_OBJC_WEAK = YES;
				CLANG_WARN_BLOCK_CAPTURE_AUTORELEASING = YES;
				CLANG_WARN_BOOL_CONVERSION = YES;
				CLANG_WARN_COMMA = YES;
				CLANG_WARN_CONSTANT_CONVERSION = YES;
				CLANG_WARN_DEPRECATED_OBJC_IMPLEMENTATIONS = YES;
				CLANG_WARN_DIRECT_OBJC_ISA_USAGE = YES_ERROR;
				CLANG_WARN_DOCUMENTATION_COMMENTS = YES;
				CLANG_WARN_EMPTY_BODY = YES;
				CLANG_WARN_ENUM_CONVERSION = YES;
				CLANG_WARN_INFINITE_RECURSION = YES;
				CLANG_WARN_INT_CONVERSION = YES;
				CLANG_WARN_NON_LITERAL_NULL_CONVERSION = YES;
				CLANG_WARN_OBJC_IMPLICIT_RETAIN_SELF = YES;
				CLANG_WARN_OBJC_LITERAL_CONVERSION = YES;
				CLANG_WARN_OBJC_ROOT_CLASS = YES_ERROR;
				CLANG_WARN_QUOTED_INCLUDE_IN_FRAMEWORK_HEADER = YES;
				CLANG_WARN_RANGE_LOOP_ANALYSIS = YES;
				CLANG_WARN_STRICT_PROTOTYPES = YES;
				CLANG_WARN_SUSPICIOUS_MOVE = YES;
				CLANG_WARN_UNGUARDED_AVAILABILITY = YES_AGGRESSIVE;
				CLANG_WARN_UNREACHABLE_CODE = YES;
				CLANG_WARN__DUPLICATE_METHOD_MATCH = YES;
				COPY_PHASE_STRIP = NO;
				DEBUG_INFORMATION_FORMAT = dwarf;
				ENABLE_STRICT_OBJC_MSGSEND = YES;
				ENABLE_TESTABILITY = YES;
				GCC_C_LANGUAGE_STANDARD = gnu11;
				GCC_DYNAMIC_NO_PIC = NO;
				GCC_NO_COMMON_BLOCKS = YES;
				GCC_OPTIMIZATION_LEVEL = 0;
				GCC_PREPROCESSOR_DEFINITIONS = (
					"DEBUG=1",
					"$(inherited)",
				);
				GCC_WARN_64_TO_32_BIT_CONVERSION = YES;
				GCC_WARN_ABOUT_RETURN_TYPE = YES_ERROR;
				GCC_WARN_UNDECLARED_SELECTOR = YES;
				GCC_WARN_UNINITIALIZED_AUTOS = YES_AGGRESSIVE;
				GCC_WARN_UNUSED_FUNCTION = YES;
				GCC_WARN_UNUSED_VARIABLE = YES;
				IPHONEOS_DEPLOYMENT_TARGET = 13.0;
				MTL_ENABLE_DEBUG_INFO = INCLUDE_SOURCE;
				MTL_FAST_MATH = YES;
				ONLY_ACTIVE_ARCH = YES;
				SDKROOT = iphoneos;
				SWIFT_ACTIVE_COMPILATION_CONDITIONS = DEBUG;
				SWIFT_OPTIMIZATION_LEVEL = "-Onone";
				SWIFT_VERSION = 4.0;
			};
			name = Debug;
		};
		09466177286198410037ED38 /* Release */ = {
			isa = XCBuildConfiguration;
			buildSettings = {
				ALWAYS_SEARCH_USER_PATHS = NO;
				CLANG_ANALYZER_NONNULL = YES;
				CLANG_ANALYZER_NUMBER_OBJECT_CONVERSION = YES_AGGRESSIVE;
				CLANG_CXX_LANGUAGE_STANDARD = "gnu++17";
				CLANG_CXX_LIBRARY = "libc++";
				CLANG_ENABLE_MODULES = YES;
				CLANG_ENABLE_OBJC_ARC = YES;
				CLANG_ENABLE_OBJC_WEAK = YES;
				CLANG_WARN_BLOCK_CAPTURE_AUTORELEASING = YES;
				CLANG_WARN_BOOL_CONVERSION = YES;
				CLANG_WARN_COMMA = YES;
				CLANG_WARN_CONSTANT_CONVERSION = YES;
				CLANG_WARN_DEPRECATED_OBJC_IMPLEMENTATIONS = YES;
				CLANG_WARN_DIRECT_OBJC_ISA_USAGE = YES_ERROR;
				CLANG_WARN_DOCUMENTATION_COMMENTS = YES;
				CLANG_WARN_EMPTY_BODY = YES;
				CLANG_WARN_ENUM_CONVERSION = YES;
				CLANG_WARN_INFINITE_RECURSION = YES;
				CLANG_WARN_INT_CONVERSION = YES;
				CLANG_WARN_NON_LITERAL_NULL_CONVERSION = YES;
				CLANG_WARN_OBJC_IMPLICIT_RETAIN_SELF = YES;
				CLANG_WARN_OBJC_LITERAL_CONVERSION = YES;
				CLANG_WARN_OBJC_ROOT_CLASS = YES_ERROR;
				CLANG_WARN_QUOTED_INCLUDE_IN_FRAMEWORK_HEADER = YES;
				CLANG_WARN_RANGE_LOOP_ANALYSIS = YES;
				CLANG_WARN_STRICT_PROTOTYPES = YES;
				CLANG_WARN_SUSPICIOUS_MOVE = YES;
				CLANG_WARN_UNGUARDED_AVAILABILITY = YES_AGGRESSIVE;
				CLANG_WARN_UNREACHABLE_CODE = YES;
				CLANG_WARN__DUPLICATE_METHOD_MATCH = YES;
				COPY_PHASE_STRIP = NO;
				DEBUG_INFORMATION_FORMAT = "dwarf-with-dsym";
				ENABLE_NS_ASSERTIONS = NO;
				ENABLE_STRICT_OBJC_MSGSEND = YES;
				GCC_C_LANGUAGE_STANDARD = gnu11;
				GCC_NO_COMMON_BLOCKS = YES;
				GCC_WARN_64_TO_32_BIT_CONVERSION = YES;
				GCC_WARN_ABOUT_RETURN_TYPE = YES_ERROR;
				GCC_WARN_UNDECLARED_SELECTOR = YES;
				GCC_WARN_UNINITIALIZED_AUTOS = YES_AGGRESSIVE;
				GCC_WARN_UNUSED_FUNCTION = YES;
				GCC_WARN_UNUSED_VARIABLE = YES;
				IPHONEOS_DEPLOYMENT_TARGET = 13.0;
				MTL_ENABLE_DEBUG_INFO = NO;
				MTL_FAST_MATH = YES;
				SDKROOT = iphoneos;
				SWIFT_COMPILATION_MODE = wholemodule;
				SWIFT_OPTIMIZATION_LEVEL = "-O";
				SWIFT_VERSION = 4.0;
				VALIDATE_PRODUCT = YES;
			};
			name = Release;
		};
		09466179286198410037ED38 /* Debug */ = {
			isa = XCBuildConfiguration;
			baseConfigurationReference = 18E73DA6C0A687CC6F38683E /* Pods-mercadoLibre.debug.xcconfig */;
			buildSettings = {
				ASSETCATALOG_COMPILER_APPICON_NAME = AppIcon;
				ASSETCATALOG_COMPILER_GLOBAL_ACCENT_COLOR_NAME = AccentColor;
				CODE_SIGN_STYLE = Automatic;
				CURRENT_PROJECT_VERSION = 1;
				DEVELOPMENT_TEAM = Y77WL4C7KK;
				GENERATE_INFOPLIST_FILE = YES;
				INFOPLIST_FILE = mercadoLibre/Info.plist;
				INFOPLIST_KEY_UIApplicationSupportsIndirectInputEvents = YES;
				INFOPLIST_KEY_UILaunchStoryboardName = LaunchScreen;
				INFOPLIST_KEY_UIMainStoryboardFile = Main;
				INFOPLIST_KEY_UISupportedInterfaceOrientations = "";
				INFOPLIST_KEY_UISupportedInterfaceOrientations_iPad = "UIInterfaceOrientationPortrait UIInterfaceOrientationPortraitUpsideDown UIInterfaceOrientationLandscapeLeft UIInterfaceOrientationLandscapeRight";
				INFOPLIST_KEY_UISupportedInterfaceOrientations_iPhone = "UIInterfaceOrientationPortrait UIInterfaceOrientationLandscapeLeft UIInterfaceOrientationLandscapeRight";
				LD_RUNPATH_SEARCH_PATHS = (
					"$(inherited)",
					"@executable_path/Frameworks",
				);
				MARKETING_VERSION = 1.0;
				PRODUCT_BUNDLE_IDENTIFIER = test.mercadoLibre;
				PRODUCT_NAME = "$(TARGET_NAME)";
				SWIFT_EMIT_LOC_STRINGS = YES;
				SWIFT_VERSION = 4.0;
				TARGETED_DEVICE_FAMILY = "1,2";
			};
			name = Debug;
		};
		0946617A286198410037ED38 /* Release */ = {
			isa = XCBuildConfiguration;
			baseConfigurationReference = DDB93B880989FD0FFF95B856 /* Pods-mercadoLibre.release.xcconfig */;
			buildSettings = {
				ASSETCATALOG_COMPILER_APPICON_NAME = AppIcon;
				ASSETCATALOG_COMPILER_GLOBAL_ACCENT_COLOR_NAME = AccentColor;
				CODE_SIGN_STYLE = Automatic;
				CURRENT_PROJECT_VERSION = 1;
				DEVELOPMENT_TEAM = Y77WL4C7KK;
				GENERATE_INFOPLIST_FILE = YES;
				INFOPLIST_FILE = mercadoLibre/Info.plist;
				INFOPLIST_KEY_UIApplicationSupportsIndirectInputEvents = YES;
				INFOPLIST_KEY_UILaunchStoryboardName = LaunchScreen;
				INFOPLIST_KEY_UIMainStoryboardFile = Main;
				INFOPLIST_KEY_UISupportedInterfaceOrientations = "";
				INFOPLIST_KEY_UISupportedInterfaceOrientations_iPad = "UIInterfaceOrientationPortrait UIInterfaceOrientationPortraitUpsideDown UIInterfaceOrientationLandscapeLeft UIInterfaceOrientationLandscapeRight";
				INFOPLIST_KEY_UISupportedInterfaceOrientations_iPhone = "UIInterfaceOrientationPortrait UIInterfaceOrientationLandscapeLeft UIInterfaceOrientationLandscapeRight";
				LD_RUNPATH_SEARCH_PATHS = (
					"$(inherited)",
					"@executable_path/Frameworks",
				);
				MARKETING_VERSION = 1.0;
				PRODUCT_BUNDLE_IDENTIFIER = test.mercadoLibre;
				PRODUCT_NAME = "$(TARGET_NAME)";
				SWIFT_EMIT_LOC_STRINGS = YES;
				SWIFT_VERSION = 4.0;
				TARGETED_DEVICE_FAMILY = "1,2";
			};
			name = Release;
		};
		0946617C286198410037ED38 /* Debug */ = {
			isa = XCBuildConfiguration;
			baseConfigurationReference = 022C6867BC6EC246FB64402D /* Pods-mercadoLibreTests.debug.xcconfig */;
			buildSettings = {
				ALWAYS_EMBED_SWIFT_STANDARD_LIBRARIES = YES;
				BUNDLE_LOADER = "$(TEST_HOST)";
				CODE_SIGN_STYLE = Automatic;
				CURRENT_PROJECT_VERSION = 1;
				DEVELOPMENT_TEAM = Y77WL4C7KK;
				GENERATE_INFOPLIST_FILE = YES;
				IPHONEOS_DEPLOYMENT_TARGET = 15.0;
				LD_RUNPATH_SEARCH_PATHS = (
					"$(inherited)",
					"@executable_path/Frameworks",
					"@loader_path/Frameworks",
				);
				MARKETING_VERSION = 1.0;
				PRODUCT_BUNDLE_IDENTIFIER = test.mercadoLibreTests;
				PRODUCT_NAME = "$(TARGET_NAME)";
				SWIFT_EMIT_LOC_STRINGS = NO;
				SWIFT_VERSION = 4.0;
				TARGETED_DEVICE_FAMILY = "1,2";
				TEST_HOST = "$(BUILT_PRODUCTS_DIR)/mercadoLibre.app/mercadoLibre";
			};
			name = Debug;
		};
		0946617D286198410037ED38 /* Release */ = {
			isa = XCBuildConfiguration;
			baseConfigurationReference = 627B8DA0C632B6E65DFBF200 /* Pods-mercadoLibreTests.release.xcconfig */;
			buildSettings = {
				ALWAYS_EMBED_SWIFT_STANDARD_LIBRARIES = YES;
				BUNDLE_LOADER = "$(TEST_HOST)";
				CODE_SIGN_STYLE = Automatic;
				CURRENT_PROJECT_VERSION = 1;
				DEVELOPMENT_TEAM = Y77WL4C7KK;
				GENERATE_INFOPLIST_FILE = YES;
				IPHONEOS_DEPLOYMENT_TARGET = 15.0;
				LD_RUNPATH_SEARCH_PATHS = (
					"$(inherited)",
					"@executable_path/Frameworks",
					"@loader_path/Frameworks",
				);
				MARKETING_VERSION = 1.0;
				PRODUCT_BUNDLE_IDENTIFIER = test.mercadoLibreTests;
				PRODUCT_NAME = "$(TARGET_NAME)";
				SWIFT_EMIT_LOC_STRINGS = NO;
				SWIFT_VERSION = 4.0;
				TARGETED_DEVICE_FAMILY = "1,2";
				TEST_HOST = "$(BUILT_PRODUCTS_DIR)/mercadoLibre.app/mercadoLibre";
			};
			name = Release;
		};
		0946617F286198410037ED38 /* Debug */ = {
			isa = XCBuildConfiguration;
			baseConfigurationReference = 1CBEF55CAC2B912DDB819FBB /* Pods-mercadoLibre-mercadoLibreUITests.debug.xcconfig */;
			buildSettings = {
				ALWAYS_EMBED_SWIFT_STANDARD_LIBRARIES = YES;
				CODE_SIGN_STYLE = Automatic;
				CURRENT_PROJECT_VERSION = 1;
				DEVELOPMENT_TEAM = Y77WL4C7KK;
				GENERATE_INFOPLIST_FILE = YES;
				LD_RUNPATH_SEARCH_PATHS = (
					"$(inherited)",
					"@executable_path/Frameworks",
					"@loader_path/Frameworks",
				);
				MARKETING_VERSION = 1.0;
				PRODUCT_BUNDLE_IDENTIFIER = test.mercadoLibreUITests;
				PRODUCT_NAME = "$(TARGET_NAME)";
				SWIFT_EMIT_LOC_STRINGS = NO;
				SWIFT_VERSION = 4.0;
				TARGETED_DEVICE_FAMILY = "1,2";
				TEST_TARGET_NAME = mercadoLibre;
			};
			name = Debug;
		};
		09466180286198410037ED38 /* Release */ = {
			isa = XCBuildConfiguration;
			baseConfigurationReference = D5D07F007F4454BE3443FEC4 /* Pods-mercadoLibre-mercadoLibreUITests.release.xcconfig */;
			buildSettings = {
				ALWAYS_EMBED_SWIFT_STANDARD_LIBRARIES = YES;
				CODE_SIGN_STYLE = Automatic;
				CURRENT_PROJECT_VERSION = 1;
				DEVELOPMENT_TEAM = Y77WL4C7KK;
				GENERATE_INFOPLIST_FILE = YES;
				LD_RUNPATH_SEARCH_PATHS = (
					"$(inherited)",
					"@executable_path/Frameworks",
					"@loader_path/Frameworks",
				);
				MARKETING_VERSION = 1.0;
				PRODUCT_BUNDLE_IDENTIFIER = test.mercadoLibreUITests;
				PRODUCT_NAME = "$(TARGET_NAME)";
				SWIFT_EMIT_LOC_STRINGS = NO;
				SWIFT_VERSION = 4.0;
				TARGETED_DEVICE_FAMILY = "1,2";
				TEST_TARGET_NAME = mercadoLibre;
			};
			name = Release;
		};
/* End XCBuildConfiguration section */

/* Begin XCConfigurationList section */
		094661492861983F0037ED38 /* Build configuration list for PBXProject "mercadoLibre" */ = {
			isa = XCConfigurationList;
			buildConfigurations = (
				09466176286198410037ED38 /* Debug */,
				09466177286198410037ED38 /* Release */,
			);
			defaultConfigurationIsVisible = 0;
			defaultConfigurationName = Release;
		};
		09466178286198410037ED38 /* Build configuration list for PBXNativeTarget "mercadoLibre" */ = {
			isa = XCConfigurationList;
			buildConfigurations = (
				09466179286198410037ED38 /* Debug */,
				0946617A286198410037ED38 /* Release */,
			);
			defaultConfigurationIsVisible = 0;
			defaultConfigurationName = Release;
		};
		0946617B286198410037ED38 /* Build configuration list for PBXNativeTarget "mercadoLibreTests" */ = {
			isa = XCConfigurationList;
			buildConfigurations = (
				0946617C286198410037ED38 /* Debug */,
				0946617D286198410037ED38 /* Release */,
			);
			defaultConfigurationIsVisible = 0;
			defaultConfigurationName = Release;
		};
		0946617E286198410037ED38 /* Build configuration list for PBXNativeTarget "mercadoLibreUITests" */ = {
			isa = XCConfigurationList;
			buildConfigurations = (
				0946617F286198410037ED38 /* Debug */,
				09466180286198410037ED38 /* Release */,
			);
			defaultConfigurationIsVisible = 0;
			defaultConfigurationName = Release;
		};
/* End XCConfigurationList section */
	};
	rootObject = 094661462861983F0037ED38 /* Project object */;
}
